// !$*UTF8*$!
{
	archiveVersion = 1;
	classes = {
	};
	objectVersion = 50;
	objects = {

/* Begin PBXBuildFile section */
		058EF4AA22595B8800F07C51 /* AppDelegate.swift in Sources */ = {isa = PBXBuildFile; fileRef = 058EF4A922595B8800F07C51 /* AppDelegate.swift */; };
		058EF4AC22595B8800F07C51 /* ViewController.swift in Sources */ = {isa = PBXBuildFile; fileRef = 058EF4AB22595B8800F07C51 /* ViewController.swift */; };
		058EF4AF22595B8800F07C51 /* Main.storyboard in Resources */ = {isa = PBXBuildFile; fileRef = 058EF4AD22595B8800F07C51 /* Main.storyboard */; };
		058EF4B122595B8800F07C51 /* Assets.xcassets in Resources */ = {isa = PBXBuildFile; fileRef = 058EF4B022595B8800F07C51 /* Assets.xcassets */; };
		058EF4B422595B8800F07C51 /* LaunchScreen.storyboard in Resources */ = {isa = PBXBuildFile; fileRef = 058EF4B222595B8800F07C51 /* LaunchScreen.storyboard */; };
		058EF4BF22595B8900F07C51 /* SampleApplicationTests.swift in Sources */ = {isa = PBXBuildFile; fileRef = 058EF4BE22595B8900F07C51 /* SampleApplicationTests.swift */; };
		058EF4CA22595B8900F07C51 /* SampleApplicationUITests.swift in Sources */ = {isa = PBXBuildFile; fileRef = 058EF4C922595B8900F07C51 /* SampleApplicationUITests.swift */; };
		4C8C03D28CDE2A52B30335C4 /* Pods_SampleApplicationTests.framework in Frameworks */ = {isa = PBXBuildFile; fileRef = 02D47D7CB9EC7F131914A18E /* Pods_SampleApplicationTests.framework */; };
		4F50635CE571B0545A4DACBD /* Pods_SampleApplicationUITests.framework in Frameworks */ = {isa = PBXBuildFile; fileRef = 4635BC295CA1FD29D1EA8857 /* Pods_SampleApplicationUITests.framework */; };
		A2323EF32F77A24A6E6BC2A8 /* Pods_SampleApplication.framework in Frameworks */ = {isa = PBXBuildFile; fileRef = DD7751BB84E54E9B5972AF2B /* Pods_SampleApplication.framework */; };
/* End PBXBuildFile section */

/* Begin PBXContainerItemProxy section */
		058EF4BB22595B8900F07C51 /* PBXContainerItemProxy */ = {
			isa = PBXContainerItemProxy;
			containerPortal = 058EF49E22595B8800F07C51 /* Project object */;
			proxyType = 1;
			remoteGlobalIDString = 058EF4A522595B8800F07C51;
			remoteInfo = SampleApplication;
		};
		058EF4C622595B8900F07C51 /* PBXContainerItemProxy */ = {
			isa = PBXContainerItemProxy;
			containerPortal = 058EF49E22595B8800F07C51 /* Project object */;
			proxyType = 1;
			remoteGlobalIDString = 058EF4A522595B8800F07C51;
			remoteInfo = SampleApplication;
		};
/* End PBXContainerItemProxy section */

/* Begin PBXFileReference section */
		02D47D7CB9EC7F131914A18E /* Pods_SampleApplicationTests.framework */ = {isa = PBXFileReference; explicitFileType = wrapper.framework; includeInIndex = 0; path = Pods_SampleApplicationTests.framework; sourceTree = BUILT_PRODUCTS_DIR; };
		058EF4A622595B8800F07C51 /* SampleApplication.app */ = {isa = PBXFileReference; explicitFileType = wrapper.application; includeInIndex = 0; path = SampleApplication.app; sourceTree = BUILT_PRODUCTS_DIR; };
		058EF4A922595B8800F07C51 /* AppDelegate.swift */ = {isa = PBXFileReference; lastKnownFileType = sourcecode.swift; path = AppDelegate.swift; sourceTree = "<group>"; };
		058EF4AB22595B8800F07C51 /* ViewController.swift */ = {isa = PBXFileReference; lastKnownFileType = sourcecode.swift; path = ViewController.swift; sourceTree = "<group>"; };
		058EF4AE22595B8800F07C51 /* Base */ = {isa = PBXFileReference; lastKnownFileType = file.storyboard; name = Base; path = Base.lproj/Main.storyboard; sourceTree = "<group>"; };
		058EF4B022595B8800F07C51 /* Assets.xcassets */ = {isa = PBXFileReference; lastKnownFileType = folder.assetcatalog; path = Assets.xcassets; sourceTree = "<group>"; };
		058EF4B322595B8800F07C51 /* Base */ = {isa = PBXFileReference; lastKnownFileType = file.storyboard; name = Base; path = Base.lproj/LaunchScreen.storyboard; sourceTree = "<group>"; };
		058EF4B522595B8800F07C51 /* Info.plist */ = {isa = PBXFileReference; lastKnownFileType = text.plist.xml; path = Info.plist; sourceTree = "<group>"; };
		058EF4BA22595B8900F07C51 /* SampleApplicationTests.xctest */ = {isa = PBXFileReference; explicitFileType = wrapper.cfbundle; includeInIndex = 0; path = SampleApplicationTests.xctest; sourceTree = BUILT_PRODUCTS_DIR; };
		058EF4BE22595B8900F07C51 /* SampleApplicationTests.swift */ = {isa = PBXFileReference; lastKnownFileType = sourcecode.swift; path = SampleApplicationTests.swift; sourceTree = "<group>"; };
		058EF4C022595B8900F07C51 /* Info.plist */ = {isa = PBXFileReference; lastKnownFileType = text.plist.xml; path = Info.plist; sourceTree = "<group>"; };
		058EF4C522595B8900F07C51 /* SampleApplicationUITests.xctest */ = {isa = PBXFileReference; explicitFileType = wrapper.cfbundle; includeInIndex = 0; path = SampleApplicationUITests.xctest; sourceTree = BUILT_PRODUCTS_DIR; };
		058EF4C922595B8900F07C51 /* SampleApplicationUITests.swift */ = {isa = PBXFileReference; lastKnownFileType = sourcecode.swift; path = SampleApplicationUITests.swift; sourceTree = "<group>"; };
		058EF4CB22595B8900F07C51 /* Info.plist */ = {isa = PBXFileReference; lastKnownFileType = text.plist.xml; path = Info.plist; sourceTree = "<group>"; };
		1E7A02B4AE3587661978C869 /* Pods-SampleApplication.debug.xcconfig */ = {isa = PBXFileReference; includeInIndex = 1; lastKnownFileType = text.xcconfig; name = "Pods-SampleApplication.debug.xcconfig"; path = "Target Support Files/Pods-SampleApplication/Pods-SampleApplication.debug.xcconfig"; sourceTree = "<group>"; };
		215BF8FD0ABE8F58584B6B47 /* Pods-SampleApplicationUITests.debug.xcconfig */ = {isa = PBXFileReference; includeInIndex = 1; lastKnownFileType = text.xcconfig; name = "Pods-SampleApplicationUITests.debug.xcconfig"; path = "Target Support Files/Pods-SampleApplicationUITests/Pods-SampleApplicationUITests.debug.xcconfig"; sourceTree = "<group>"; };
		4635BC295CA1FD29D1EA8857 /* Pods_SampleApplicationUITests.framework */ = {isa = PBXFileReference; explicitFileType = wrapper.framework; includeInIndex = 0; path = Pods_SampleApplicationUITests.framework; sourceTree = BUILT_PRODUCTS_DIR; };
		851DE78676729D1ED34CD920 /* Pods-SampleApplication.release.xcconfig */ = {isa = PBXFileReference; includeInIndex = 1; lastKnownFileType = text.xcconfig; name = "Pods-SampleApplication.release.xcconfig"; path = "Target Support Files/Pods-SampleApplication/Pods-SampleApplication.release.xcconfig"; sourceTree = "<group>"; };
		8E9A32DE4F9B3E1F03526F69 /* Pods-SampleApplicationTests.release.xcconfig */ = {isa = PBXFileReference; includeInIndex = 1; lastKnownFileType = text.xcconfig; name = "Pods-SampleApplicationTests.release.xcconfig"; path = "Target Support Files/Pods-SampleApplicationTests/Pods-SampleApplicationTests.release.xcconfig"; sourceTree = "<group>"; };
		A7FD3A4361A8E0EAD5876ADF /* Pods-SampleApplicationTests.debug.xcconfig */ = {isa = PBXFileReference; includeInIndex = 1; lastKnownFileType = text.xcconfig; name = "Pods-SampleApplicationTests.debug.xcconfig"; path = "Target Support Files/Pods-SampleApplicationTests/Pods-SampleApplicationTests.debug.xcconfig"; sourceTree = "<group>"; };
		DD7751BB84E54E9B5972AF2B /* Pods_SampleApplication.framework */ = {isa = PBXFileReference; explicitFileType = wrapper.framework; includeInIndex = 0; path = Pods_SampleApplication.framework; sourceTree = BUILT_PRODUCTS_DIR; };
		E85DFE060E81C8F1FA28DCBF /* Pods-SampleApplicationUITests.release.xcconfig */ = {isa = PBXFileReference; includeInIndex = 1; lastKnownFileType = text.xcconfig; name = "Pods-SampleApplicationUITests.release.xcconfig"; path = "Target Support Files/Pods-SampleApplicationUITests/Pods-SampleApplicationUITests.release.xcconfig"; sourceTree = "<group>"; };
/* End PBXFileReference section */

/* Begin PBXFrameworksBuildPhase section */
		058EF4A322595B8800F07C51 /* Frameworks */ = {
			isa = PBXFrameworksBuildPhase;
			buildActionMask = 2147483647;
			files = (
				A2323EF32F77A24A6E6BC2A8 /* Pods_SampleApplication.framework in Frameworks */,
			);
			runOnlyForDeploymentPostprocessing = 0;
		};
		058EF4B722595B8900F07C51 /* Frameworks */ = {
			isa = PBXFrameworksBuildPhase;
			buildActionMask = 2147483647;
			files = (
				4C8C03D28CDE2A52B30335C4 /* Pods_SampleApplicationTests.framework in Frameworks */,
			);
			runOnlyForDeploymentPostprocessing = 0;
		};
		058EF4C222595B8900F07C51 /* Frameworks */ = {
			isa = PBXFrameworksBuildPhase;
			buildActionMask = 2147483647;
			files = (
				4F50635CE571B0545A4DACBD /* Pods_SampleApplicationUITests.framework in Frameworks */,
			);
			runOnlyForDeploymentPostprocessing = 0;
		};
/* End PBXFrameworksBuildPhase section */

/* Begin PBXGroup section */
		058EF49D22595B8800F07C51 = {
			isa = PBXGroup;
			children = (
				058EF4A822595B8800F07C51 /* SampleApplication */,
				058EF4BD22595B8900F07C51 /* SampleApplicationTests */,
				058EF4C822595B8900F07C51 /* SampleApplicationUITests */,
				058EF4A722595B8800F07C51 /* Products */,
				C3EEA13179E180E22B197A93 /* Pods */,
				A37918B502510F5CBD83E0E3 /* Frameworks */,
			);
			sourceTree = "<group>";
		};
		058EF4A722595B8800F07C51 /* Products */ = {
			isa = PBXGroup;
			children = (
				058EF4A622595B8800F07C51 /* SampleApplication.app */,
				058EF4BA22595B8900F07C51 /* SampleApplicationTests.xctest */,
				058EF4C522595B8900F07C51 /* SampleApplicationUITests.xctest */,
			);
			name = Products;
			sourceTree = "<group>";
		};
		058EF4A822595B8800F07C51 /* SampleApplication */ = {
			isa = PBXGroup;
			children = (
				058EF4A922595B8800F07C51 /* AppDelegate.swift */,
				058EF4AB22595B8800F07C51 /* ViewController.swift */,
				058EF4AD22595B8800F07C51 /* Main.storyboard */,
				058EF4B022595B8800F07C51 /* Assets.xcassets */,
				058EF4B222595B8800F07C51 /* LaunchScreen.storyboard */,
				058EF4B522595B8800F07C51 /* Info.plist */,
			);
			path = SampleApplication;
			sourceTree = "<group>";
		};
		058EF4BD22595B8900F07C51 /* SampleApplicationTests */ = {
			isa = PBXGroup;
			children = (
				058EF4BE22595B8900F07C51 /* SampleApplicationTests.swift */,
				058EF4C022595B8900F07C51 /* Info.plist */,
			);
			path = SampleApplicationTests;
			sourceTree = "<group>";
		};
		058EF4C822595B8900F07C51 /* SampleApplicationUITests */ = {
			isa = PBXGroup;
			children = (
				058EF4C922595B8900F07C51 /* SampleApplicationUITests.swift */,
				058EF4CB22595B8900F07C51 /* Info.plist */,
			);
			path = SampleApplicationUITests;
			sourceTree = "<group>";
		};
		A37918B502510F5CBD83E0E3 /* Frameworks */ = {
			isa = PBXGroup;
			children = (
				DD7751BB84E54E9B5972AF2B /* Pods_SampleApplication.framework */,
				02D47D7CB9EC7F131914A18E /* Pods_SampleApplicationTests.framework */,
				4635BC295CA1FD29D1EA8857 /* Pods_SampleApplicationUITests.framework */,
			);
			name = Frameworks;
			sourceTree = "<group>";
		};
		C3EEA13179E180E22B197A93 /* Pods */ = {
			isa = PBXGroup;
			children = (
				1E7A02B4AE3587661978C869 /* Pods-SampleApplication.debug.xcconfig */,
				851DE78676729D1ED34CD920 /* Pods-SampleApplication.release.xcconfig */,
				A7FD3A4361A8E0EAD5876ADF /* Pods-SampleApplicationTests.debug.xcconfig */,
				8E9A32DE4F9B3E1F03526F69 /* Pods-SampleApplicationTests.release.xcconfig */,
				215BF8FD0ABE8F58584B6B47 /* Pods-SampleApplicationUITests.debug.xcconfig */,
				E85DFE060E81C8F1FA28DCBF /* Pods-SampleApplicationUITests.release.xcconfig */,
			);
			name = Pods;
			path = Pods;
			sourceTree = "<group>";
		};
/* End PBXGroup section */

/* Begin PBXNativeTarget section */
		058EF4A522595B8800F07C51 /* SampleApplication */ = {
			isa = PBXNativeTarget;
			buildConfigurationList = 058EF4CE22595B8900F07C51 /* Build configuration list for PBXNativeTarget "SampleApplication" */;
			buildPhases = (
				D86572A64FFFFEAF93BBB873 /* [CP] Check Pods Manifest.lock */,
				058EF4A222595B8800F07C51 /* Sources */,
				058EF4A322595B8800F07C51 /* Frameworks */,
				058EF4A422595B8800F07C51 /* Resources */,
			);
			buildRules = (
			);
			dependencies = (
			);
			name = SampleApplication;
			productName = SampleApplication;
			productReference = 058EF4A622595B8800F07C51 /* SampleApplication.app */;
			productType = "com.apple.product-type.application";
		};
		058EF4B922595B8900F07C51 /* SampleApplicationTests */ = {
			isa = PBXNativeTarget;
			buildConfigurationList = 058EF4D122595B8900F07C51 /* Build configuration list for PBXNativeTarget "SampleApplicationTests" */;
			buildPhases = (
				F0A07FD26562A35A381DBCF8 /* [CP] Check Pods Manifest.lock */,
				058EF4B622595B8900F07C51 /* Sources */,
				058EF4B722595B8900F07C51 /* Frameworks */,
				058EF4B822595B8900F07C51 /* Resources */,
			);
			buildRules = (
			);
			dependencies = (
				058EF4BC22595B8900F07C51 /* PBXTargetDependency */,
			);
			name = SampleApplicationTests;
			productName = SampleApplicationTests;
			productReference = 058EF4BA22595B8900F07C51 /* SampleApplicationTests.xctest */;
			productType = "com.apple.product-type.bundle.unit-test";
		};
		058EF4C422595B8900F07C51 /* SampleApplicationUITests */ = {
			isa = PBXNativeTarget;
			buildConfigurationList = 058EF4D422595B8900F07C51 /* Build configuration list for PBXNativeTarget "SampleApplicationUITests" */;
			buildPhases = (
				2A83B5A13BB376AA3724F5A3 /* [CP] Check Pods Manifest.lock */,
				058EF4C122595B8900F07C51 /* Sources */,
				058EF4C222595B8900F07C51 /* Frameworks */,
				058EF4C322595B8900F07C51 /* Resources */,
			);
			buildRules = (
			);
			dependencies = (
				058EF4C722595B8900F07C51 /* PBXTargetDependency */,
			);
			name = SampleApplicationUITests;
			productName = SampleApplicationUITests;
			productReference = 058EF4C522595B8900F07C51 /* SampleApplicationUITests.xctest */;
			productType = "com.apple.product-type.bundle.ui-testing";
		};
/* End PBXNativeTarget section */

/* Begin PBXProject section */
		058EF49E22595B8800F07C51 /* Project object */ = {
			isa = PBXProject;
			attributes = {
				LastSwiftUpdateCheck = 1020;
				LastUpgradeCheck = 1020;
				ORGANIZATIONNAME = "Takahiro Tsuchiya";
				TargetAttributes = {
					058EF4A522595B8800F07C51 = {
						CreatedOnToolsVersion = 10.2;
					};
					058EF4B922595B8900F07C51 = {
						CreatedOnToolsVersion = 10.2;
						TestTargetID = 058EF4A522595B8800F07C51;
					};
					058EF4C422595B8900F07C51 = {
						CreatedOnToolsVersion = 10.2;
						TestTargetID = 058EF4A522595B8800F07C51;
					};
				};
			};
			buildConfigurationList = 058EF4A122595B8800F07C51 /* Build configuration list for PBXProject "SampleApplication" */;
			compatibilityVersion = "Xcode 9.3";
			developmentRegion = en;
			hasScannedForEncodings = 0;
			knownRegions = (
				en,
				Base,
			);
			mainGroup = 058EF49D22595B8800F07C51;
			productRefGroup = 058EF4A722595B8800F07C51 /* Products */;
			projectDirPath = "";
			projectRoot = "";
			targets = (
				058EF4A522595B8800F07C51 /* SampleApplication */,
				058EF4B922595B8900F07C51 /* SampleApplicationTests */,
				058EF4C422595B8900F07C51 /* SampleApplicationUITests */,
			);
		};
/* End PBXProject section */

/* Begin PBXResourcesBuildPhase section */
		058EF4A422595B8800F07C51 /* Resources */ = {
			isa = PBXResourcesBuildPhase;
			buildActionMask = 2147483647;
			files = (
				058EF4B422595B8800F07C51 /* LaunchScreen.storyboard in Resources */,
				058EF4B122595B8800F07C51 /* Assets.xcassets in Resources */,
				058EF4AF22595B8800F07C51 /* Main.storyboard in Resources */,
			);
			runOnlyForDeploymentPostprocessing = 0;
		};
		058EF4B822595B8900F07C51 /* Resources */ = {
			isa = PBXResourcesBuildPhase;
			buildActionMask = 2147483647;
			files = (
			);
			runOnlyForDeploymentPostprocessing = 0;
		};
		058EF4C322595B8900F07C51 /* Resources */ = {
			isa = PBXResourcesBuildPhase;
			buildActionMask = 2147483647;
			files = (
			);
			runOnlyForDeploymentPostprocessing = 0;
		};
/* End PBXResourcesBuildPhase section */

/* Begin PBXShellScriptBuildPhase section */
		2A83B5A13BB376AA3724F5A3 /* [CP] Check Pods Manifest.lock */ = {
			isa = PBXShellScriptBuildPhase;
			buildActionMask = 2147483647;
			files = (
			);
			inputFileListPaths = (
			);
			inputPaths = (
				"${PODS_PODFILE_DIR_PATH}/Podfile.lock",
				"${PODS_ROOT}/Manifest.lock",
			);
			name = "[CP] Check Pods Manifest.lock";
			outputFileListPaths = (
			);
			outputPaths = (
				"$(DERIVED_FILE_DIR)/Pods-SampleApplicationUITests-checkManifestLockResult.txt",
			);
			runOnlyForDeploymentPostprocessing = 0;
			shellPath = /bin/sh;
			shellScript = "diff \"${PODS_PODFILE_DIR_PATH}/Podfile.lock\" \"${PODS_ROOT}/Manifest.lock\" > /dev/null\nif [ $? != 0 ] ; then\n    # print error to STDERR\n    echo \"error: The sandbox is not in sync with the Podfile.lock. Run 'pod install' or update your CocoaPods installation.\" >&2\n    exit 1\nfi\n# This output is used by Xcode 'outputs' to avoid re-running this script phase.\necho \"SUCCESS\" > \"${SCRIPT_OUTPUT_FILE_0}\"\n";
			showEnvVarsInLog = 0;
		};
		D86572A64FFFFEAF93BBB873 /* [CP] Check Pods Manifest.lock */ = {
			isa = PBXShellScriptBuildPhase;
			buildActionMask = 2147483647;
			files = (
			);
			inputFileListPaths = (
			);
			inputPaths = (
				"${PODS_PODFILE_DIR_PATH}/Podfile.lock",
				"${PODS_ROOT}/Manifest.lock",
			);
			name = "[CP] Check Pods Manifest.lock";
			outputFileListPaths = (
			);
			outputPaths = (
				"$(DERIVED_FILE_DIR)/Pods-SampleApplication-checkManifestLockResult.txt",
			);
			runOnlyForDeploymentPostprocessing = 0;
			shellPath = /bin/sh;
			shellScript = "diff \"${PODS_PODFILE_DIR_PATH}/Podfile.lock\" \"${PODS_ROOT}/Manifest.lock\" > /dev/null\nif [ $? != 0 ] ; then\n    # print error to STDERR\n    echo \"error: The sandbox is not in sync with the Podfile.lock. Run 'pod install' or update your CocoaPods installation.\" >&2\n    exit 1\nfi\n# This output is used by Xcode 'outputs' to avoid re-running this script phase.\necho \"SUCCESS\" > \"${SCRIPT_OUTPUT_FILE_0}\"\n";
			showEnvVarsInLog = 0;
		};
		F0A07FD26562A35A381DBCF8 /* [CP] Check Pods Manifest.lock */ = {
			isa = PBXShellScriptBuildPhase;
			buildActionMask = 2147483647;
			files = (
			);
			inputFileListPaths = (
			);
			inputPaths = (
				"${PODS_PODFILE_DIR_PATH}/Podfile.lock",
				"${PODS_ROOT}/Manifest.lock",
			);
			name = "[CP] Check Pods Manifest.lock";
			outputFileListPaths = (
			);
			outputPaths = (
				"$(DERIVED_FILE_DIR)/Pods-SampleApplicationTests-checkManifestLockResult.txt",
			);
			runOnlyForDeploymentPostprocessing = 0;
			shellPath = /bin/sh;
			shellScript = "diff \"${PODS_PODFILE_DIR_PATH}/Podfile.lock\" \"${PODS_ROOT}/Manifest.lock\" > /dev/null\nif [ $? != 0 ] ; then\n    # print error to STDERR\n    echo \"error: The sandbox is not in sync with the Podfile.lock. Run 'pod install' or update your CocoaPods installation.\" >&2\n    exit 1\nfi\n# This output is used by Xcode 'outputs' to avoid re-running this script phase.\necho \"SUCCESS\" > \"${SCRIPT_OUTPUT_FILE_0}\"\n";
			showEnvVarsInLog = 0;
		};
/* End PBXShellScriptBuildPhase section */

/* Begin PBXSourcesBuildPhase section */
		058EF4A222595B8800F07C51 /* Sources */ = {
			isa = PBXSourcesBuildPhase;
			buildActionMask = 2147483647;
			files = (
				058EF4AC22595B8800F07C51 /* ViewController.swift in Sources */,
				058EF4AA22595B8800F07C51 /* AppDelegate.swift in Sources */,
			);
			runOnlyForDeploymentPostprocessing = 0;
		};
		058EF4B622595B8900F07C51 /* Sources */ = {
			isa = PBXSourcesBuildPhase;
			buildActionMask = 2147483647;
			files = (
				058EF4BF22595B8900F07C51 /* SampleApplicationTests.swift in Sources */,
			);
			runOnlyForDeploymentPostprocessing = 0;
		};
		058EF4C122595B8900F07C51 /* Sources */ = {
			isa = PBXSourcesBuildPhase;
			buildActionMask = 2147483647;
			files = (
				058EF4CA22595B8900F07C51 /* SampleApplicationUITests.swift in Sources */,
			);
			runOnlyForDeploymentPostprocessing = 0;
		};
/* End PBXSourcesBuildPhase section */

/* Begin PBXTargetDependency section */
		058EF4BC22595B8900F07C51 /* PBXTargetDependency */ = {
			isa = PBXTargetDependency;
			target = 058EF4A522595B8800F07C51 /* SampleApplication */;
			targetProxy = 058EF4BB22595B8900F07C51 /* PBXContainerItemProxy */;
		};
		058EF4C722595B8900F07C51 /* PBXTargetDependency */ = {
			isa = PBXTargetDependency;
			target = 058EF4A522595B8800F07C51 /* SampleApplication */;
			targetProxy = 058EF4C622595B8900F07C51 /* PBXContainerItemProxy */;
		};
/* End PBXTargetDependency section */

/* Begin PBXVariantGroup section */
		058EF4AD22595B8800F07C51 /* Main.storyboard */ = {
			isa = PBXVariantGroup;
			children = (
				058EF4AE22595B8800F07C51 /* Base */,
			);
			name = Main.storyboard;
			sourceTree = "<group>";
		};
		058EF4B222595B8800F07C51 /* LaunchScreen.storyboard */ = {
			isa = PBXVariantGroup;
			children = (
				058EF4B322595B8800F07C51 /* Base */,
			);
			name = LaunchScreen.storyboard;
			sourceTree = "<group>";
		};
/* End PBXVariantGroup section */

/* Begin XCBuildConfiguration section */
		058EF4CC22595B8900F07C51 /* Debug */ = {
			isa = XCBuildConfiguration;
			buildSettings = {
				ALWAYS_SEARCH_USER_PATHS = NO;
				CLANG_ANALYZER_NONNULL = YES;
				CLANG_ANALYZER_NUMBER_OBJECT_CONVERSION = YES_AGGRESSIVE;
				CLANG_CXX_LANGUAGE_STANDARD = "gnu++14";
				CLANG_CXX_LIBRARY = "libc++";
				CLANG_ENABLE_MODULES = YES;
				CLANG_ENABLE_OBJC_ARC = YES;
				CLANG_ENABLE_OBJC_WEAK = YES;
				CLANG_WARN_BLOCK_CAPTURE_AUTORELEASING = YES;
				CLANG_WARN_BOOL_CONVERSION = YES;
				CLANG_WARN_COMMA = YES;
				CLANG_WARN_CONSTANT_CONVERSION = YES;
				CLANG_WARN_DEPRECATED_OBJC_IMPLEMENTATIONS = YES;
				CLANG_WARN_DIRECT_OBJC_ISA_USAGE = YES_ERROR;
				CLANG_WARN_DOCUMENTATION_COMMENTS = YES;
				CLANG_WARN_EMPTY_BODY = YES;
				CLANG_WARN_ENUM_CONVERSION = YES;
				CLANG_WARN_INFINITE_RECURSION = YES;
				CLANG_WARN_INT_CONVERSION = YES;
				CLANG_WARN_NON_LITERAL_NULL_CONVERSION = YES;
				CLANG_WARN_OBJC_IMPLICIT_RETAIN_SELF = YES;
				CLANG_WARN_OBJC_LITERAL_CONVERSION = YES;
				CLANG_WARN_OBJC_ROOT_CLASS = YES_ERROR;
				CLANG_WARN_RANGE_LOOP_ANALYSIS = YES;
				CLANG_WARN_STRICT_PROTOTYPES = YES;
				CLANG_WARN_SUSPICIOUS_MOVE = YES;
				CLANG_WARN_UNGUARDED_AVAILABILITY = YES_AGGRESSIVE;
				CLANG_WARN_UNREACHABLE_CODE = YES;
				CLANG_WARN__DUPLICATE_METHOD_MATCH = YES;
				CODE_SIGN_IDENTITY = "iPhone Developer";
				COPY_PHASE_STRIP = NO;
				DEBUG_INFORMATION_FORMAT = dwarf;
				ENABLE_STRICT_OBJC_MSGSEND = YES;
				ENABLE_TESTABILITY = YES;
				GCC_C_LANGUAGE_STANDARD = gnu11;
				GCC_DYNAMIC_NO_PIC = NO;
				GCC_NO_COMMON_BLOCKS = YES;
				GCC_OPTIMIZATION_LEVEL = 0;
				GCC_PREPROCESSOR_DEFINITIONS = (
					"DEBUG=1",
					"$(inherited)",
				);
				GCC_WARN_64_TO_32_BIT_CONVERSION = YES;
				GCC_WARN_ABOUT_RETURN_TYPE = YES_ERROR;
				GCC_WARN_UNDECLARED_SELECTOR = YES;
				GCC_WARN_UNINITIALIZED_AUTOS = YES_AGGRESSIVE;
				GCC_WARN_UNUSED_FUNCTION = YES;
				GCC_WARN_UNUSED_VARIABLE = YES;
				IPHONEOS_DEPLOYMENT_TARGET = 12.2;
				MTL_ENABLE_DEBUG_INFO = INCLUDE_SOURCE;
				MTL_FAST_MATH = YES;
				ONLY_ACTIVE_ARCH = YES;
				SDKROOT = iphoneos;
				SWIFT_ACTIVE_COMPILATION_CONDITIONS = DEBUG;
				SWIFT_OPTIMIZATION_LEVEL = "-Onone";
			};
			name = Debug;
		};
		058EF4CD22595B8900F07C51 /* Release */ = {
			isa = XCBuildConfiguration;
			buildSettings = {
				ALWAYS_SEARCH_USER_PATHS = NO;
				CLANG_ANALYZER_NONNULL = YES;
				CLANG_ANALYZER_NUMBER_OBJECT_CONVERSION = YES_AGGRESSIVE;
				CLANG_CXX_LANGUAGE_STANDARD = "gnu++14";
				CLANG_CXX_LIBRARY = "libc++";
				CLANG_ENABLE_MODULES = YES;
				CLANG_ENABLE_OBJC_ARC = YES;
				CLANG_ENABLE_OBJC_WEAK = YES;
				CLANG_WARN_BLOCK_CAPTURE_AUTORELEASING = YES;
				CLANG_WARN_BOOL_CONVERSION = YES;
				CLANG_WARN_COMMA = YES;
				CLANG_WARN_CONSTANT_CONVERSION = YES;
				CLANG_WARN_DEPRECATED_OBJC_IMPLEMENTATIONS = YES;
				CLANG_WARN_DIRECT_OBJC_ISA_USAGE = YES_ERROR;
				CLANG_WARN_DOCUMENTATION_COMMENTS = YES;
				CLANG_WARN_EMPTY_BODY = YES;
				CLANG_WARN_ENUM_CONVERSION = YES;
				CLANG_WARN_INFINITE_RECURSION = YES;
				CLANG_WARN_INT_CONVERSION = YES;
				CLANG_WARN_NON_LITERAL_NULL_CONVERSION = YES;
				CLANG_WARN_OBJC_IMPLICIT_RETAIN_SELF = YES;
				CLANG_WARN_OBJC_LITERAL_CONVERSION = YES;
				CLANG_WARN_OBJC_ROOT_CLASS = YES_ERROR;
				CLANG_WARN_RANGE_LOOP_ANALYSIS = YES;
				CLANG_WARN_STRICT_PROTOTYPES = YES;
				CLANG_WARN_SUSPICIOUS_MOVE = YES;
				CLANG_WARN_UNGUARDED_AVAILABILITY = YES_AGGRESSIVE;
				CLANG_WARN_UNREACHABLE_CODE = YES;
				CLANG_WARN__DUPLICATE_METHOD_MATCH = YES;
				CODE_SIGN_IDENTITY = "iPhone Developer";
				COPY_PHASE_STRIP = NO;
				DEBUG_INFORMATION_FORMAT = "dwarf-with-dsym";
				ENABLE_NS_ASSERTIONS = NO;
				ENABLE_STRICT_OBJC_MSGSEND = YES;
				GCC_C_LANGUAGE_STANDARD = gnu11;
				GCC_NO_COMMON_BLOCKS = YES;
				GCC_WARN_64_TO_32_BIT_CONVERSION = YES;
				GCC_WARN_ABOUT_RETURN_TYPE = YES_ERROR;
				GCC_WARN_UNDECLARED_SELECTOR = YES;
				GCC_WARN_UNINITIALIZED_AUTOS = YES_AGGRESSIVE;
				GCC_WARN_UNUSED_FUNCTION = YES;
				GCC_WARN_UNUSED_VARIABLE = YES;
				IPHONEOS_DEPLOYMENT_TARGET = 12.2;
				MTL_ENABLE_DEBUG_INFO = NO;
				MTL_FAST_MATH = YES;
				SDKROOT = iphoneos;
				SWIFT_COMPILATION_MODE = wholemodule;
				SWIFT_OPTIMIZATION_LEVEL = "-O";
				VALIDATE_PRODUCT = YES;
			};
			name = Release;
		};
		058EF4CF22595B8900F07C51 /* Debug */ = {
			isa = XCBuildConfiguration;
			baseConfigurationReference = 1E7A02B4AE3587661978C869 /* Pods-SampleApplication.debug.xcconfig */;
			buildSettings = {
				ASSETCATALOG_COMPILER_APPICON_NAME = AppIcon;
				CODE_SIGN_STYLE = Automatic;
				INFOPLIST_FILE = SampleApplication/Info.plist;
				LD_RUNPATH_SEARCH_PATHS = (
					"$(inherited)",
					"@executable_path/Frameworks",
				);
				PRODUCT_BUNDLE_IDENTIFIER = com.sample.SampleApplication;
				PRODUCT_NAME = "$(TARGET_NAME)";
				SWIFT_VERSION = 5.0;
				TARGETED_DEVICE_FAMILY = "1,2";
			};
			name = Debug;
		};
		058EF4D022595B8900F07C51 /* Release */ = {
			isa = XCBuildConfiguration;
			baseConfigurationReference = 851DE78676729D1ED34CD920 /* Pods-SampleApplication.release.xcconfig */;
			buildSettings = {
				ASSETCATALOG_COMPILER_APPICON_NAME = AppIcon;
				CODE_SIGN_STYLE = Automatic;
				INFOPLIST_FILE = SampleApplication/Info.plist;
				LD_RUNPATH_SEARCH_PATHS = (
					"$(inherited)",
					"@executable_path/Frameworks",
				);
				PRODUCT_BUNDLE_IDENTIFIER = com.sample.SampleApplication;
				PRODUCT_NAME = "$(TARGET_NAME)";
				SWIFT_VERSION = 5.0;
				TARGETED_DEVICE_FAMILY = "1,2";
			};
			name = Release;
		};
		058EF4D222595B8900F07C51 /* Debug */ = {
			isa = XCBuildConfiguration;
			baseConfigurationReference = A7FD3A4361A8E0EAD5876ADF /* Pods-SampleApplicationTests.debug.xcconfig */;
			buildSettings = {
				ALWAYS_EMBED_SWIFT_STANDARD_LIBRARIES = YES;
				BUNDLE_LOADER = "$(TEST_HOST)";
				CODE_SIGN_STYLE = Automatic;
				INFOPLIST_FILE = SampleApplicationTests/Info.plist;
				LD_RUNPATH_SEARCH_PATHS = (
					"$(inherited)",
					"@executable_path/Frameworks",
					"@loader_path/Frameworks",
				);
				PRODUCT_BUNDLE_IDENTIFIER = com.sample.SampleApplicationTests;
				PRODUCT_NAME = "$(TARGET_NAME)";
				SWIFT_VERSION = 5.0;
				TARGETED_DEVICE_FAMILY = "1,2";
				TEST_HOST = "$(BUILT_PRODUCTS_DIR)/SampleApplication.app/SampleApplication";
			};
			name = Debug;
		};
		058EF4D322595B8900F07C51 /* Release */ = {
			isa = XCBuildConfiguration;
			baseConfigurationReference = 8E9A32DE4F9B3E1F03526F69 /* Pods-SampleApplicationTests.release.xcconfig */;
			buildSettings = {
				ALWAYS_EMBED_SWIFT_STANDARD_LIBRARIES = YES;
				BUNDLE_LOADER = "$(TEST_HOST)";
				CODE_SIGN_STYLE = Automatic;
				INFOPLIST_FILE = SampleApplicationTests/Info.plist;
				LD_RUNPATH_SEARCH_PATHS = (
					"$(inherited)",
					"@executable_path/Frameworks",
					"@loader_path/Frameworks",
				);
				PRODUCT_BUNDLE_IDENTIFIER = com.sample.SampleApplicationTests;
				PRODUCT_NAME = "$(TARGET_NAME)";
				SWIFT_VERSION = 5.0;
				TARGETED_DEVICE_FAMILY = "1,2";
				TEST_HOST = "$(BUILT_PRODUCTS_DIR)/SampleApplication.app/SampleApplication";
			};
			name = Release;
		};
		058EF4D522595B8900F07C51 /* Debug */ = {
			isa = XCBuildConfiguration;
			baseConfigurationReference = 215BF8FD0ABE8F58584B6B47 /* Pods-SampleApplicationUITests.debug.xcconfig */;
			buildSettings = {
				ALWAYS_EMBED_SWIFT_STANDARD_LIBRARIES = YES;
				CODE_SIGN_STYLE = Automatic;
				INFOPLIST_FILE = SampleApplicationUITests/Info.plist;
				LD_RUNPATH_SEARCH_PATHS = (
					"$(inherited)",
					"@executable_path/Frameworks",
					"@loader_path/Frameworks",
				);
				PRODUCT_BUNDLE_IDENTIFIER = com.sample.SampleApplicationUITests;
				PRODUCT_NAME = "$(TARGET_NAME)";
				SWIFT_VERSION = 5.0;
				TARGETED_DEVICE_FAMILY = "1,2";
				TEST_TARGET_NAME = SampleApplication;
			};
			name = Debug;
		};
		058EF4D622595B8900F07C51 /* Release */ = {
			isa = XCBuildConfiguration;
			baseConfigurationReference = E85DFE060E81C8F1FA28DCBF /* Pods-SampleApplicationUITests.release.xcconfig */;
			buildSettings = {
				ALWAYS_EMBED_SWIFT_STANDARD_LIBRARIES = YES;
				CODE_SIGN_STYLE = Automatic;
				INFOPLIST_FILE = SampleApplicationUITests/Info.plist;
				LD_RUNPATH_SEARCH_PATHS = (
					"$(inherited)",
					"@executable_path/Frameworks",
					"@loader_path/Frameworks",
				);
				PRODUCT_BUNDLE_IDENTIFIER = com.sample.SampleApplicationUITests;
				PRODUCT_NAME = "$(TARGET_NAME)";
				SWIFT_VERSION = 5.0;
				TARGETED_DEVICE_FAMILY = "1,2";
				TEST_TARGET_NAME = SampleApplication;
			};
			name = Release;
		};
/* End XCBuildConfiguration section */

/* Begin XCConfigurationList section */
		058EF4A122595B8800F07C51 /* Build configuration list for PBXProject "SampleApplication" */ = {
			isa = XCConfigurationList;
			buildConfigurations = (
				058EF4CC22595B8900F07C51 /* Debug */,
				058EF4CD22595B8900F07C51 /* Release */,
			);
			defaultConfigurationIsVisible = 0;
			defaultConfigurationName = Release;
		};
		058EF4CE22595B8900F07C51 /* Build configuration list for PBXNativeTarget "SampleApplication" */ = {
			isa = XCConfigurationList;
			buildConfigurations = (
				058EF4CF22595B8900F07C51 /* Debug */,
				058EF4D022595B8900F07C51 /* Release */,
			);
			defaultConfigurationIsVisible = 0;
			defaultConfigurationName = Release;
		};
		058EF4D122595B8900F07C51 /* Build configuration list for PBXNativeTarget "SampleApplicationTests" */ = {
			isa = XCConfigurationList;
			buildConfigurations = (
				058EF4D222595B8900F07C51 /* Debug */,
				058EF4D322595B8900F07C51 /* Release */,
			);
			defaultConfigurationIsVisible = 0;
			defaultConfigurationName = Release;
		};
		058EF4D422595B8900F07C51 /* Build configuration list for PBXNativeTarget "SampleApplicationUITests" */ = {
			isa = XCConfigurationList;
			buildConfigurations = (
				058EF4D522595B8900F07C51 /* Debug */,
				058EF4D622595B8900F07C51 /* Release */,
			);
			defaultConfigurationIsVisible = 0;
			defaultConfigurationName = Release;
		};
/* End XCConfigurationList section */
	};
	rootObject = 058EF49E22595B8800F07C51 /* Project object */;
}
